{
    "_meta": {
        "hash": {
            "sha256": "30ce266eff8703c416e4f23cd07ed115a60e827b35ef6728906b2cc8d3b4fc29"
        },
        "pipfile-spec": 6,
        "requires": {
            "python_version": "3.8"
        },
        "sources": [
            {
                "name": "pypi",
                "url": "https://pypi.org/simple",
                "verify_ssl": true
            }
        ]
    },
    "default": {
        "click": {
            "hashes": [
                "sha256:d2b5255c7c6349bc1bd1e59e08cd12acbbd63ce649f2588755783aa94dfb6b1a",
                "sha256:dacca89f4bfadd5de3d7489b7c8a566eee0d3676333fbb50030263894c38c0dc"
            ],
            "index": "pypi",
            "version": "==7.1.2"
        },
        "flask": {
            "hashes": [
                "sha256:4efa1ae2d7c9865af48986de8aeb8504bf32c7f3d6fdc9353d34b21f4b127060",
                "sha256:8a4fdd8936eba2512e9c85df320a37e694c93945b33ef33c89946a340a238557"
            ],
            "index": "pypi",
            "version": "==1.1.2"
        },
        "flask-wtf": {
            "hashes": [
                "sha256:57b3faf6fe5d6168bda0c36b0df1d05770f8e205e18332d0376ddb954d17aef2",
                "sha256:d417e3a0008b5ba583da1763e4db0f55a1269d9dd91dcc3eb3c026d3c5dbd720"
            ],
            "index": "pypi",
            "version": "==0.14.3"
        },
        "gunicorn": {
            "hashes": [
                "sha256:1904bb2b8a43658807108d59c3f3d56c2b6121a701161de0ddf9ad140073c626",
                "sha256:cd4a810dd51bf497552cf3f863b575dabd73d6ad6a91075b65936b151cbf4f9c"
            ],
            "index": "pypi",
            "version": "==20.0.4"
        },
        "itsdangerous": {
            "hashes": [
                "sha256:321b033d07f2a4136d3ec762eac9f16a10ccd60f53c0c91af90217ace7ba1f19",
                "sha256:b12271b2047cb23eeb98c8b5622e2e5c5e9abd9784a153e9d8ef9cb4dd09d749"
            ],
            "index": "pypi",
            "version": "==1.1.0"
        },
        "jinja2": {
            "hashes": [
                "sha256:89aab215427ef59c34ad58735269eb58b1a5808103067f7bb9d5836c651b3bb0",
                "sha256:f0a4641d3cf955324a89c04f3d94663aa4d638abe8f733ecd3582848e1c37035"
            ],
            "index": "pypi",
            "version": "==2.11.2"
        },
        "markupsafe": {
            "hashes": [
                "sha256:00bc623926325b26bb9605ae9eae8a215691f33cae5df11ca5424f06f2d1f473",
                "sha256:09027a7803a62ca78792ad89403b1b7a73a01c8cb65909cd876f7fcebd79b161",
                "sha256:09c4b7f37d6c648cb13f9230d847adf22f8171b1ccc4d5682398e77f40309235",
                "sha256:1027c282dad077d0bae18be6794e6b6b8c91d58ed8a8d89a89d59693b9131db5",
                "sha256:13d3144e1e340870b25e7b10b98d779608c02016d5184cfb9927a9f10c689f42",
                "sha256:24982cc2533820871eba85ba648cd53d8623687ff11cbb805be4ff7b4c971aff",
                "sha256:29872e92839765e546828bb7754a68c418d927cd064fd4708fab9fe9c8bb116b",
                "sha256:43a55c2930bbc139570ac2452adf3d70cdbb3cfe5912c71cdce1c2c6bbd9c5d1",
                "sha256:46c99d2de99945ec5cb54f23c8cd5689f6d7177305ebff350a58ce5f8de1669e",
                "sha256:500d4957e52ddc3351cabf489e79c91c17f6e0899158447047588650b5e69183",
                "sha256:535f6fc4d397c1563d08b88e485c3496cf5784e927af890fb3c3aac7f933ec66",
                "sha256:596510de112c685489095da617b5bcbbac7dd6384aeebeda4df6025d0256a81b",
                "sha256:62fe6c95e3ec8a7fad637b7f3d372c15ec1caa01ab47926cfdf7a75b40e0eac1",
                "sha256:6788b695d50a51edb699cb55e35487e430fa21f1ed838122d722e0ff0ac5ba15",
                "sha256:6dd73240d2af64df90aa7c4e7481e23825ea70af4b4922f8ede5b9e35f78a3b1",
                "sha256:717ba8fe3ae9cc0006d7c451f0bb265ee07739daf76355d06366154ee68d221e",
                "sha256:79855e1c5b8da654cf486b830bd42c06e8780cea587384cf6545b7d9ac013a0b",
                "sha256:7c1699dfe0cf8ff607dbdcc1e9b9af1755371f92a68f706051cc8c37d447c905",
                "sha256:88e5fcfb52ee7b911e8bb6d6aa2fd21fbecc674eadd44118a9cc3863f938e735",
                "sha256:8defac2f2ccd6805ebf65f5eeb132adcf2ab57aa11fdf4c0dd5169a004710e7d",
                "sha256:98c7086708b163d425c67c7a91bad6e466bb99d797aa64f965e9d25c12111a5e",
                "sha256:9add70b36c5666a2ed02b43b335fe19002ee5235efd4b8a89bfcf9005bebac0d",
                "sha256:9bf40443012702a1d2070043cb6291650a0841ece432556f784f004937f0f32c",
                "sha256:ade5e387d2ad0d7ebf59146cc00c8044acbd863725f887353a10df825fc8ae21",
                "sha256:b00c1de48212e4cc9603895652c5c410df699856a2853135b3967591e4beebc2",
                "sha256:b1282f8c00509d99fef04d8ba936b156d419be841854fe901d8ae224c59f0be5",
                "sha256:b2051432115498d3562c084a49bba65d97cf251f5a331c64a12ee7e04dacc51b",
                "sha256:ba59edeaa2fc6114428f1637ffff42da1e311e29382d81b339c1817d37ec93c6",
                "sha256:c8716a48d94b06bb3b2524c2b77e055fb313aeb4ea620c8dd03a105574ba704f",
                "sha256:cd5df75523866410809ca100dc9681e301e3c27567cf498077e8551b6d20e42f",
                "sha256:cdb132fc825c38e1aeec2c8aa9338310d29d337bebbd7baa06889d09a60a1fa2",
                "sha256:e249096428b3ae81b08327a63a485ad0878de3fb939049038579ac0ef61e17e7",
                "sha256:e8313f01ba26fbbe36c7be1966a7b7424942f670f38e666995b88d012765b9be"
            ],
            "index": "pypi",
            "version": "==1.1.1"
        },
        "numpy": {
            "hashes": [
                "sha256:08308c38e44cc926bdfce99498b21eec1f848d24c302519e64203a8da99a97db",
                "sha256:09c12096d843b90eafd01ea1b3307e78ddd47a55855ad402b157b6c4862197ce",
                "sha256:13d166f77d6dc02c0a73c1101dd87fdf01339febec1030bd810dcd53fff3b0f1",
                "sha256:141ec3a3300ab89c7f2b0775289954d193cc8edb621ea05f99db9cb181530512",
                "sha256:16c1b388cc31a9baa06d91a19366fb99ddbe1c7b205293ed072211ee5bac1ed2",
                "sha256:18bed2bcb39e3f758296584337966e68d2d5ba6aab7e038688ad53c8f889f757",
                "sha256:1aeef46a13e51931c0b1cf8ae1168b4a55ecd282e6688fdb0a948cc5a1d5afb9",
                "sha256:27d3f3b9e3406579a8af3a9f262f5339005dd25e0ecf3cf1559ff8a49ed5cbf2",
                "sha256:2a2740aa9733d2e5b2dfb33639d98a64c3b0f24765fed86b0fd2aec07f6a0a08",
                "sha256:4377e10b874e653fe96985c05feed2225c912e328c8a26541f7fc600fb9c637b",
                "sha256:448ebb1b3bf64c0267d6b09a7cba26b5ae61b6d2dbabff7c91b660c7eccf2bdb",
                "sha256:50e86c076611212ca62e5a59f518edafe0c0730f7d9195fec718da1a5c2bb1fc",
                "sha256:5734bdc0342aba9dfc6f04920988140fb41234db42381cf7ccba64169f9fe7ac",
                "sha256:64324f64f90a9e4ef732be0928be853eee378fd6a01be21a0a8469c4f2682c83",
                "sha256:6ae6c680f3ebf1cf7ad1d7748868b39d9f900836df774c453c11c5440bc15b36",
                "sha256:6d7593a705d662be5bfe24111af14763016765f43cb6923ed86223f965f52387",
                "sha256:8cac8790a6b1ddf88640a9267ee67b1aee7a57dfa2d2dd33999d080bc8ee3a0f",
                "sha256:8ece138c3a16db8c1ad38f52eb32be6086cc72f403150a79336eb2045723a1ad",
                "sha256:9eeb7d1d04b117ac0d38719915ae169aa6b61fca227b0b7d198d43728f0c879c",
                "sha256:a09f98011236a419ee3f49cedc9ef27d7a1651df07810ae430a6b06576e0b414",
                "sha256:a5d897c14513590a85774180be713f692df6fa8ecf6483e561a6d47309566f37",
                "sha256:ad6f2ff5b1989a4899bf89800a671d71b1612e5ff40866d1f4d8bcf48d4e5764",
                "sha256:c42c4b73121caf0ed6cd795512c9c09c52a7287b04d105d112068c1736d7c753",
                "sha256:cb1017eec5257e9ac6209ac172058c430e834d5d2bc21961dceeb79d111e5909",
                "sha256:d6c7bb82883680e168b55b49c70af29b84b84abb161cbac2800e8fcb6f2109b6",
                "sha256:e452dc66e08a4ce642a961f134814258a082832c78c90351b75c41ad16f79f63",
                "sha256:e5b6ed0f0b42317050c88022349d994fe72bfe35f5908617512cd8c8ef9da2a9",
                "sha256:e9b30d4bd69498fc0c3fe9db5f62fffbb06b8eb9321f92cc970f2969be5e3949",
                "sha256:ec149b90019852266fec2341ce1db513b843e496d5a8e8cdb5ced1923a92faab",
                "sha256:edb01671b3caae1ca00881686003d16c2209e07b7ef8b7639f1867852b948f7c",
                "sha256:f0d3929fe88ee1c155129ecd82f981b8856c5d97bcb0d5f23e9b4242e79d1de3",
                "sha256:f29454410db6ef8126c83bd3c968d143304633d45dc57b51252afbd79d700893",
                "sha256:fe45becb4c2f72a0907c1d0246ea6449fe7a9e2293bb0e11c4e9a32bb0930a15",
                "sha256:fedbd128668ead37f33917820b704784aff695e0019309ad446a6d0b065b57e4"
            ],
            "index": "pypi",
            "version": "==1.19.4"
        },
        "opencv-python-headless": {
            "hashes": [
                "sha256:105fe1dc648047c23b1a88c168a42e2760d3bb2c8294b36dd374f1a904d6e8a3",
                "sha256:107331e70a352464e9e68ba917cec636b857c8c1332a6444d8df39f1e06c3c4f",
                "sha256:134b7184edb06693d2d8987ff6d0216b76ac0ed066ae167cd1897e1b4377fdc2",
                "sha256:1493eba327ea9943f93b53393afd335ee23ea898d607873adc6b1ecd96db17d4",
                "sha256:20cfc4bdf5aabb2a5060101d057e3550f64df7cf3e7d26551fa2f54fbdcdd060",
                "sha256:29b560628b1a166cac88dc277e938b6791f8650c7e405b95fd4de8b9abff31e6",
                "sha256:2c26456369e127aa507ed5af8cb0f08e2de4c2a60b231d1bea03f0c36094ec56",
                "sha256:323a49938fdc878c85371c546127e973757b03fcf2acd62a103709085752315d",
                "sha256:37f9b704338ab99ed1cd4179da12d6b39e7ca60aa197dd330f71ed1454ba0ea3",
                "sha256:3c8a26dcaaaf15f36c170639bd539ffebc957f95995705537e69bfd92765c912",
                "sha256:59a259edddf765cd0af91aaa9e9d7fe7648570d7923539b3a85c703026615236",
                "sha256:60afa5e201324d0313ba4425ce812789e9889abfc35d85c6b09426093fbc5a09",
                "sha256:76cffdc6cb530fe244c89e9bd7b23a8d2761bd54a3eb44713df9fc3dfee8f544",
                "sha256:7f1c0d3f8bb560c23446fee81421435904610133d9cfe8c8e245392a80139812",
                "sha256:84d247193d977bc059ac1524113c44f197c51122e0a4efba3b85380c51533040",
                "sha256:8f817b4ec0399e3ee82db8707e6b6a31cbdfe84bbbe669f946c75aed7c678acc",
                "sha256:95b06780225eed3a00a59ddce05c8c7d16aa3d8d0b0d8484a3a6089fc84af5a8",
                "sha256:9e80919dd00805ba4bffe175107391da1024fe303c82c271704a77b793cd654e",
                "sha256:b44fd3d66a3d1adaf9f49cc99a05f012df98ef79e42e5971bb960b2b81e2742e",
                "sha256:b4549c71277e2cc427cc32fbec6cb2dd92f0f839467cdb22381b4e5b0e53f35c",
                "sha256:b64449744aed7c3072235bdaf06289b36e0e65bcde7834c951a912f79a44e564",
                "sha256:c2b6c26b3e44e1890c5517d58e8b953e827ee10048bcdfd5dba94b0b74105fa1",
                "sha256:c8f6fe6e81b0c0fd058dcf24b12d3632152de334afa290fd63f30afe30c8713a",
                "sha256:d5cbab84f9ae346cbd1d16b5906e34e5bdd17e4a8d9e213599a24a510a82de94",
                "sha256:d86e654b6dd99d5e2f9e3b505a2252161a0b44e7e60a62cbe364f9d8de32ab36",
                "sha256:de4fc34bc4f3a93f079005cdd51db4f59fbecf72463514a6a73fdfd29bc8e777",
                "sha256:f3e418b9480f2e167ea5a800a0375e424f15d345a0a15c638f66b6f3bb6a7796"
            ],
            "index": "pypi",
            "version": "==4.2.0.32"
        },
        "pillow": {
            "hashes": [
                "sha256:006de60d7580d81f4a1a7e9f0173dc90a932e3905cc4d47ea909bc946302311a",
                "sha256:0a2e8d03787ec7ad71dc18aec9367c946ef8ef50e1e78c71f743bc3a770f9fae",
                "sha256:0eeeae397e5a79dc088d8297a4c2c6f901f8fb30db47795113a4a605d0f1e5ce",
                "sha256:11c5c6e9b02c9dac08af04f093eb5a2f84857df70a7d4a6a6ad461aca803fb9e",
                "sha256:2fb113757a369a6cdb189f8df3226e995acfed0a8919a72416626af1a0a71140",
                "sha256:4b0ef2470c4979e345e4e0cc1bbac65fda11d0d7b789dbac035e4c6ce3f98adb",
                "sha256:59e903ca800c8cfd1ebe482349ec7c35687b95e98cefae213e271c8c7fffa021",
                "sha256:5abd653a23c35d980b332bc0431d39663b1709d64142e3652890df4c9b6970f6",
                "sha256:5f9403af9c790cc18411ea398a6950ee2def2a830ad0cfe6dc9122e6d528b302",
                "sha256:6b4a8fd632b4ebee28282a9fef4c341835a1aa8671e2770b6f89adc8e8c2703c",
                "sha256:6c1aca8231625115104a06e4389fcd9ec88f0c9befbabd80dc206c35561be271",
                "sha256:795e91a60f291e75de2e20e6bdd67770f793c8605b553cb6e4387ce0cb302e09",
                "sha256:7ba0ba61252ab23052e642abdb17fd08fdcfdbbf3b74c969a30c58ac1ade7cd3",
                "sha256:7c9401e68730d6c4245b8e361d3d13e1035cbc94db86b49dc7da8bec235d0015",
                "sha256:81f812d8f5e8a09b246515fac141e9d10113229bc33ea073fec11403b016bcf3",
                "sha256:895d54c0ddc78a478c80f9c438579ac15f3e27bf442c2a9aa74d41d0e4d12544",
                "sha256:8de332053707c80963b589b22f8e0229f1be1f3ca862a932c1bcd48dafb18dd8",
                "sha256:92c882b70a40c79de9f5294dc99390671e07fc0b0113d472cbea3fde15db1792",
                "sha256:95edb1ed513e68bddc2aee3de66ceaf743590bf16c023fb9977adc4be15bd3f0",
                "sha256:b63d4ff734263ae4ce6593798bcfee6dbfb00523c82753a3a03cbc05555a9cc3",
                "sha256:bd7bf289e05470b1bc74889d1466d9ad4a56d201f24397557b6f65c24a6844b8",
                "sha256:cc3ea6b23954da84dbee8025c616040d9aa5eaf34ea6895a0a762ee9d3e12e11",
                "sha256:cc9ec588c6ef3a1325fa032ec14d97b7309db493782ea8c304666fb10c3bd9a7",
                "sha256:d3d07c86d4efa1facdf32aa878bd508c0dc4f87c48125cc16b937baa4e5b5e11",
                "sha256:d8a96747df78cda35980905bf26e72960cba6d355ace4780d4bdde3b217cdf1e",
                "sha256:e38d58d9138ef972fceb7aeec4be02e3f01d383723965bfcef14d174c8ccd039",
                "sha256:eb472586374dc66b31e36e14720747595c2b265ae962987261f044e5cce644b5",
                "sha256:fbd922f702582cb0d71ef94442bfca57624352622d75e3be7a1e7e9360b07e72"
            ],
            "index": "pypi",
            "version": "==8.0.1"
        },
        "waitress": {
            "hashes": [
                "sha256:1bb436508a7487ac6cb097ae7a7fe5413aefca610550baf58f0940e51ecfb261",
                "sha256:3d633e78149eb83b60a07dfabb35579c29aac2d24bb803c18b26fb2ab1a584db"
            ],
            "index": "pypi",
            "version": "==1.4.4"
        },
        "werkzeug": {
            "hashes": [
                "sha256:2de2a5db0baeae7b2d2664949077c2ac63fbd16d98da0ff71837f7d1dea3fd43",
                "sha256:6c80b1e5ad3665290ea39320b91e1be1e0d5f60652b964a3070216de83d2e47c"
            ],
            "index": "pypi",
            "version": "==1.0.1"
        },
        "wtforms": {
            "hashes": [
                "sha256:7b504fc724d0d1d4d5d5c114e778ec88c37ea53144683e084215eed5155ada4c",
                "sha256:81195de0ac94fbc8368abbaf9197b88c4f3ffd6c2719b5bf5fc9da744f3d829c"
            ],
            "index": "pypi",
            "version": "==2.3.3"
        }
    },
    "develop": {}
}
